%{
  "ex_brace_expansion": {:git, "https://github.com/hez/ex_brace_expansion.git", "1466ede7b51cc0378acb12120de40543cf45f49d", [tag: "v0.0.3"]},
  "ex_doc": {:hex, :ex_doc, "0.7.2", "c24bd9efdace906c23c943280a3d29c15e649e4c0eeca92f6ee35723f44691a7", [:mix], [], "hexpm", "8bb0b9272b4b427a0f8f915b85a82a3296be8c3a3814891b1c9d090839b5d396"},
  "hoedown": {:git, "https://github.com/hoedown/hoedown.git", "980b9c549b4348d50b683ecee6abee470b98acda", []},
  "markdown": {:git, "https://github.com/devinus/markdown.git", "d065dbcc4e242a85ca2516fdadd0082712871fd8", []},
}
